// !$*UTF8*$!
{
	archiveVersion = 1;
	classes = {
	};
	objectVersion = 46;
	objects = {

/* Begin PBXBuildFile section */
		9B0D41061A885B7B00B39267 /* launch.png in Resources */ = {isa = PBXBuildFile; fileRef = 9B0D41051A885B7B00B39267 /* launch.png */; };
		9B6179A51A350D1F00AB0FE8 /* BarDetail.swift in Sources */ = {isa = PBXBuildFile; fileRef = 9B6179A41A350D1F00AB0FE8 /* BarDetail.swift */; };
		9B69A5741A770F480089F5C3 /* settings-50.png in Resources */ = {isa = PBXBuildFile; fileRef = 9B69A5731A770F480089F5C3 /* settings-50.png */; };
		9B69A5791A79E42E0089F5C3 /* globe-50.png in Resources */ = {isa = PBXBuildFile; fileRef = 9B69A5751A79E42E0089F5C3 /* globe-50.png */; };
		9B69A57A1A79E42E0089F5C3 /* location-50.png in Resources */ = {isa = PBXBuildFile; fileRef = 9B69A5761A79E42E0089F5C3 /* location-50.png */; };
		9B69A57B1A79E42E0089F5C3 /* phone1-50.png in Resources */ = {isa = PBXBuildFile; fileRef = 9B69A5771A79E42E0089F5C3 /* phone1-50.png */; };
		9B69A57C1A79E42E0089F5C3 /* star-50.png in Resources */ = {isa = PBXBuildFile; fileRef = 9B69A5781A79E42E0089F5C3 /* star-50.png */; };
		9B69A57E1A7C44B40089F5C3 /* SegControl.swift in Sources */ = {isa = PBXBuildFile; fileRef = 9B69A57D1A7C44B40089F5C3 /* SegControl.swift */; };
		9B7AB6E91A67779300BC845E /* smallerbar.jpg in Resources */ = {isa = PBXBuildFile; fileRef = 9B7AB6E81A67779300BC845E /* smallerbar.jpg */; };
		9B9865B51A35405B004E07A2 /* DealCell.swift in Sources */ = {isa = PBXBuildFile; fileRef = 9B9865B41A35405B004E07A2 /* DealCell.swift */; };
		9B9865C11A3569DC004E07A2 /* DailyDeals.swift in Sources */ = {isa = PBXBuildFile; fileRef = 9B9865C01A3569DC004E07A2 /* DailyDeals.swift */; };
		9BBD0F511A37E39500F4E54E /* test.json in Resources */ = {isa = PBXBuildFile; fileRef = 9BBD0F501A37E39500F4E54E /* test.json */; };
		9BBD0F8F1A3D47A500F4E54E /* transparent.png in Resources */ = {isa = PBXBuildFile; fileRef = 9BBD0F8E1A3D47A500F4E54E /* transparent.png */; };
		9BBD0F9A1A4549E100F4E54E /* Cedar Falls, IA.gpx in Resources */ = {isa = PBXBuildFile; fileRef = 9BBD0F981A4549E100F4E54E /* Cedar Falls, IA.gpx */; };
		9BBD0F9B1A4549E100F4E54E /* Iowa City, IA.gpx in Resources */ = {isa = PBXBuildFile; fileRef = 9BBD0F991A4549E100F4E54E /* Iowa City, IA.gpx */; };
		9BBD0F9D1A4549FF00F4E54E /* Ames, IA.gpx in Resources */ = {isa = PBXBuildFile; fileRef = 9BBD0F9C1A4549FF00F4E54E /* Ames, IA.gpx */; };
		9BBFDE9B1A32511D00AF510D /* AppDelegate.swift in Sources */ = {isa = PBXBuildFile; fileRef = 9BBFDE9A1A32511D00AF510D /* AppDelegate.swift */; };
		9BBFDE9D1A32511D00AF510D /* BarMap.swift in Sources */ = {isa = PBXBuildFile; fileRef = 9BBFDE9C1A32511D00AF510D /* BarMap.swift */; };
		9BBFDEA01A32511D00AF510D /* Main.storyboard in Resources */ = {isa = PBXBuildFile; fileRef = 9BBFDE9E1A32511D00AF510D /* Main.storyboard */; };
		9BBFDEA21A32511D00AF510D /* Images.xcassets in Resources */ = {isa = PBXBuildFile; fileRef = 9BBFDEA11A32511D00AF510D /* Images.xcassets */; };
		9BBFDEA51A32511D00AF510D /* LaunchScreen.xib in Resources */ = {isa = PBXBuildFile; fileRef = 9BBFDEA31A32511D00AF510D /* LaunchScreen.xib */; };
		9BBFDEB11A32511E00AF510D /* MapTestTests.swift in Sources */ = {isa = PBXBuildFile; fileRef = 9BBFDEB01A32511E00AF510D /* MapTestTests.swift */; };
		9BBFDEBB1A32513A00AF510D /* MapKit.framework in Frameworks */ = {isa = PBXBuildFile; fileRef = 9BBFDEBA1A32513A00AF510D /* MapKit.framework */; };
		9BBFDEBD1A32514000AF510D /* CoreLocation.framework in Frameworks */ = {isa = PBXBuildFile; fileRef = 9BBFDEBC1A32514000AF510D /* CoreLocation.framework */; };
		9BBFDEC11A34FECD00AF510D /* BarAnnotation.swift in Sources */ = {isa = PBXBuildFile; fileRef = 9BBFDEC01A34FECD00AF510D /* BarAnnotation.swift */; };
		9BC0BAD11A9303840042F301 /* gps.png in Resources */ = {isa = PBXBuildFile; fileRef = 9BC0BAD01A9303840042F301 /* gps.png */; };
		9BC7A7E21A96E138003ABEDF /* generic_sorting2-50.png in Resources */ = {isa = PBXBuildFile; fileRef = 9BC7A7E11A96E138003ABEDF /* generic_sorting2-50.png */; };
/* End PBXBuildFile section */

/* Begin PBXContainerItemProxy section */
		9BBFDEAB1A32511E00AF510D /* PBXContainerItemProxy */ = {
			isa = PBXContainerItemProxy;
			containerPortal = 9BBFDE8D1A32511D00AF510D /* Project object */;
			proxyType = 1;
			remoteGlobalIDString = 9BBFDE941A32511D00AF510D;
			remoteInfo = MapTest;
		};
/* End PBXContainerItemProxy section */

/* Begin PBXFileReference section */
		9B0D41051A885B7B00B39267 /* launch.png */ = {isa = PBXFileReference; lastKnownFileType = image.png; path = launch.png; sourceTree = "<group>"; };
		9B6179A41A350D1F00AB0FE8 /* BarDetail.swift */ = {isa = PBXFileReference; fileEncoding = 4; lastKnownFileType = sourcecode.swift; path = BarDetail.swift; sourceTree = "<group>"; };
		9B69A5731A770F480089F5C3 /* settings-50.png */ = {isa = PBXFileReference; lastKnownFileType = image.png; path = "settings-50.png"; sourceTree = "<group>"; };
		9B69A5751A79E42E0089F5C3 /* globe-50.png */ = {isa = PBXFileReference; lastKnownFileType = image.png; path = "globe-50.png"; sourceTree = "<group>"; };
		9B69A5761A79E42E0089F5C3 /* location-50.png */ = {isa = PBXFileReference; lastKnownFileType = image.png; path = "location-50.png"; sourceTree = "<group>"; };
		9B69A5771A79E42E0089F5C3 /* phone1-50.png */ = {isa = PBXFileReference; lastKnownFileType = image.png; path = "phone1-50.png"; sourceTree = "<group>"; };
		9B69A5781A79E42E0089F5C3 /* star-50.png */ = {isa = PBXFileReference; lastKnownFileType = image.png; path = "star-50.png"; sourceTree = "<group>"; };
		9B69A57D1A7C44B40089F5C3 /* SegControl.swift */ = {isa = PBXFileReference; fileEncoding = 4; lastKnownFileType = sourcecode.swift; path = SegControl.swift; sourceTree = "<group>"; };
		9B7AB6E81A67779300BC845E /* smallerbar.jpg */ = {isa = PBXFileReference; lastKnownFileType = image.jpeg; path = smallerbar.jpg; sourceTree = "<group>"; };
		9B9865B41A35405B004E07A2 /* DealCell.swift */ = {isa = PBXFileReference; fileEncoding = 4; lastKnownFileType = sourcecode.swift; path = DealCell.swift; sourceTree = "<group>"; };
		9B9865C01A3569DC004E07A2 /* DailyDeals.swift */ = {isa = PBXFileReference; fileEncoding = 4; lastKnownFileType = sourcecode.swift; path = DailyDeals.swift; sourceTree = "<group>"; };
		9BBD0F501A37E39500F4E54E /* test.json */ = {isa = PBXFileReference; fileEncoding = 4; lastKnownFileType = text.json; path = test.json; sourceTree = "<group>"; };
		9BBD0F8E1A3D47A500F4E54E /* transparent.png */ = {isa = PBXFileReference; lastKnownFileType = image.png; path = transparent.png; sourceTree = "<group>"; };
		9BBD0F981A4549E100F4E54E /* Cedar Falls, IA.gpx */ = {isa = PBXFileReference; fileEncoding = 4; lastKnownFileType = text.xml; path = "Cedar Falls, IA.gpx"; sourceTree = "<group>"; };
		9BBD0F991A4549E100F4E54E /* Iowa City, IA.gpx */ = {isa = PBXFileReference; fileEncoding = 4; lastKnownFileType = text.xml; path = "Iowa City, IA.gpx"; sourceTree = "<group>"; };
		9BBD0F9C1A4549FF00F4E54E /* Ames, IA.gpx */ = {isa = PBXFileReference; fileEncoding = 4; lastKnownFileType = text.xml; path = "Ames, IA.gpx"; sourceTree = "<group>"; };
		9BBFDE951A32511D00AF510D /* tabsaver.app */ = {isa = PBXFileReference; explicitFileType = wrapper.application; includeInIndex = 0; path = tabsaver.app; sourceTree = BUILT_PRODUCTS_DIR; };
		9BBFDE991A32511D00AF510D /* Info.plist */ = {isa = PBXFileReference; lastKnownFileType = text.plist.xml; path = Info.plist; sourceTree = "<group>"; };
		9BBFDE9A1A32511D00AF510D /* AppDelegate.swift */ = {isa = PBXFileReference; lastKnownFileType = sourcecode.swift; path = AppDelegate.swift; sourceTree = "<group>"; };
		9BBFDE9C1A32511D00AF510D /* BarMap.swift */ = {isa = PBXFileReference; lastKnownFileType = sourcecode.swift; path = BarMap.swift; sourceTree = "<group>"; };
		9BBFDE9F1A32511D00AF510D /* Base */ = {isa = PBXFileReference; lastKnownFileType = file.storyboard; name = Base; path = Base.lproj/Main.storyboard; sourceTree = "<group>"; };
		9BBFDEA11A32511D00AF510D /* Images.xcassets */ = {isa = PBXFileReference; lastKnownFileType = folder.assetcatalog; path = Images.xcassets; sourceTree = "<group>"; };
		9BBFDEA41A32511D00AF510D /* Base */ = {isa = PBXFileReference; lastKnownFileType = file.xib; name = Base; path = Base.lproj/LaunchScreen.xib; sourceTree = "<group>"; };
		9BBFDEAA1A32511E00AF510D /* MapTestTests.xctest */ = {isa = PBXFileReference; explicitFileType = wrapper.cfbundle; includeInIndex = 0; path = MapTestTests.xctest; sourceTree = BUILT_PRODUCTS_DIR; };
		9BBFDEAF1A32511E00AF510D /* Info.plist */ = {isa = PBXFileReference; lastKnownFileType = text.plist.xml; path = Info.plist; sourceTree = "<group>"; };
		9BBFDEB01A32511E00AF510D /* MapTestTests.swift */ = {isa = PBXFileReference; lastKnownFileType = sourcecode.swift; path = MapTestTests.swift; sourceTree = "<group>"; };
		9BBFDEBA1A32513A00AF510D /* MapKit.framework */ = {isa = PBXFileReference; lastKnownFileType = wrapper.framework; name = MapKit.framework; path = System/Library/Frameworks/MapKit.framework; sourceTree = SDKROOT; };
		9BBFDEBC1A32514000AF510D /* CoreLocation.framework */ = {isa = PBXFileReference; lastKnownFileType = wrapper.framework; name = CoreLocation.framework; path = System/Library/Frameworks/CoreLocation.framework; sourceTree = SDKROOT; };
		9BBFDEC01A34FECD00AF510D /* BarAnnotation.swift */ = {isa = PBXFileReference; fileEncoding = 4; lastKnownFileType = sourcecode.swift; path = BarAnnotation.swift; sourceTree = "<group>"; };
		9BC0BAD01A9303840042F301 /* gps.png */ = {isa = PBXFileReference; lastKnownFileType = image.png; path = gps.png; sourceTree = "<group>"; };
		9BC7A7E11A96E138003ABEDF /* generic_sorting2-50.png */ = {isa = PBXFileReference; lastKnownFileType = image.png; path = "generic_sorting2-50.png"; sourceTree = "<group>"; };
/* End PBXFileReference section */

/* Begin PBXFrameworksBuildPhase section */
		9BBFDE921A32511D00AF510D /* Frameworks */ = {
			isa = PBXFrameworksBuildPhase;
			buildActionMask = 2147483647;
			files = (
				9BBFDEBD1A32514000AF510D /* CoreLocation.framework in Frameworks */,
				9BBFDEBB1A32513A00AF510D /* MapKit.framework in Frameworks */,
			);
			runOnlyForDeploymentPostprocessing = 0;
		};
		9BBFDEA71A32511E00AF510D /* Frameworks */ = {
			isa = PBXFrameworksBuildPhase;
			buildActionMask = 2147483647;
			files = (
			);
			runOnlyForDeploymentPostprocessing = 0;
		};
/* End PBXFrameworksBuildPhase section */

/* Begin PBXGroup section */
		9B0D41071A88682700B39267 /* Icons */ = {
			isa = PBXGroup;
			children = (
				9B69A5731A770F480089F5C3 /* settings-50.png */,
				9B69A5751A79E42E0089F5C3 /* globe-50.png */,
				9B69A5761A79E42E0089F5C3 /* location-50.png */,
				9B69A5771A79E42E0089F5C3 /* phone1-50.png */,
				9B69A5781A79E42E0089F5C3 /* star-50.png */,
				9BC7A7E11A96E138003ABEDF /* generic_sorting2-50.png */,
			);
			name = Icons;
			sourceTree = "<group>";
		};
		9B9865C61A358FB6004E07A2 /* Frameworks */ = {
			isa = PBXGroup;
			children = (
				9BBFDEBC1A32514000AF510D /* CoreLocation.framework */,
				9BBFDEBA1A32513A00AF510D /* MapKit.framework */,
			);
			name = Frameworks;
			sourceTree = "<group>";
		};
		9BBFDE8C1A32511D00AF510D = {
			isa = PBXGroup;
			children = (
				9BBD0F9C1A4549FF00F4E54E /* Ames, IA.gpx */,
				9BBD0F981A4549E100F4E54E /* Cedar Falls, IA.gpx */,
				9BBD0F991A4549E100F4E54E /* Iowa City, IA.gpx */,
				9B9865C61A358FB6004E07A2 /* Frameworks */,
				9BBFDE971A32511D00AF510D /* MapTest */,
				9BBFDEAD1A32511E00AF510D /* MapTestTests */,
				9BBFDE961A32511D00AF510D /* Products */,
			);
			sourceTree = "<group>";
		};
		9BBFDE961A32511D00AF510D /* Products */ = {
			isa = PBXGroup;
			children = (
				9BBFDE951A32511D00AF510D /* tabsaver.app */,
				9BBFDEAA1A32511E00AF510D /* MapTestTests.xctest */,
			);
			name = Products;
			sourceTree = "<group>";
		};
		9BBFDE971A32511D00AF510D /* MapTest */ = {
			isa = PBXGroup;
			children = (
				9BBFDE9A1A32511D00AF510D /* AppDelegate.swift */,
				9BBFDE9E1A32511D00AF510D /* Main.storyboard */,
				9BBFDEA11A32511D00AF510D /* Images.xcassets */,
				9BBFDEA31A32511D00AF510D /* LaunchScreen.xib */,
				9BBFDE981A32511D00AF510D /* Supporting Files */,
				9BBFDE9C1A32511D00AF510D /* BarMap.swift */,
				9BBFDEC01A34FECD00AF510D /* BarAnnotation.swift */,
				9B6179A41A350D1F00AB0FE8 /* BarDetail.swift */,
				9B9865B41A35405B004E07A2 /* DealCell.swift */,
				9B9865C01A3569DC004E07A2 /* DailyDeals.swift */,
				9B69A57D1A7C44B40089F5C3 /* SegControl.swift */,
				9BBD0F501A37E39500F4E54E /* test.json */,
			);
			path = MapTest;
			sourceTree = "<group>";
		};
		9BBFDE981A32511D00AF510D /* Supporting Files */ = {
			isa = PBXGroup;
			children = (
				9B7AB6E81A67779300BC845E /* smallerbar.jpg */,
				9BBD0F8E1A3D47A500F4E54E /* transparent.png */,
				9BC0BAD01A9303840042F301 /* gps.png */,
				9B0D41051A885B7B00B39267 /* launch.png */,
				9BBFDE991A32511D00AF510D /* Info.plist */,
				9B0D41071A88682700B39267 /* Icons */,
			);
			name = "Supporting Files";
			sourceTree = "<group>";
		};
		9BBFDEAD1A32511E00AF510D /* MapTestTests */ = {
			isa = PBXGroup;
			children = (
				9BBFDEB01A32511E00AF510D /* MapTestTests.swift */,
				9BBFDEAE1A32511E00AF510D /* Supporting Files */,
			);
			path = MapTestTests;
			sourceTree = "<group>";
		};
		9BBFDEAE1A32511E00AF510D /* Supporting Files */ = {
			isa = PBXGroup;
			children = (
				9BBFDEAF1A32511E00AF510D /* Info.plist */,
			);
			name = "Supporting Files";
			sourceTree = "<group>";
		};
/* End PBXGroup section */

/* Begin PBXNativeTarget section */
		9BBFDE941A32511D00AF510D /* MapTest */ = {
			isa = PBXNativeTarget;
			buildConfigurationList = 9BBFDEB41A32511E00AF510D /* Build configuration list for PBXNativeTarget "MapTest" */;
			buildPhases = (
				9BBFDE911A32511D00AF510D /* Sources */,
				9BBFDE921A32511D00AF510D /* Frameworks */,
				9BBFDE931A32511D00AF510D /* Resources */,
			);
			buildRules = (
			);
			dependencies = (
			);
			name = MapTest;
			productName = MapTest;
			productReference = 9BBFDE951A32511D00AF510D /* tabsaver.app */;
			productType = "com.apple.product-type.application";
		};
		9BBFDEA91A32511E00AF510D /* MapTestTests */ = {
			isa = PBXNativeTarget;
			buildConfigurationList = 9BBFDEB71A32511E00AF510D /* Build configuration list for PBXNativeTarget "MapTestTests" */;
			buildPhases = (
				9BBFDEA61A32511E00AF510D /* Sources */,
				9BBFDEA71A32511E00AF510D /* Frameworks */,
				9BBFDEA81A32511E00AF510D /* Resources */,
			);
			buildRules = (
			);
			dependencies = (
				9BBFDEAC1A32511E00AF510D /* PBXTargetDependency */,
			);
			name = MapTestTests;
			productName = MapTestTests;
			productReference = 9BBFDEAA1A32511E00AF510D /* MapTestTests.xctest */;
			productType = "com.apple.product-type.bundle.unit-test";
		};
/* End PBXNativeTarget section */

/* Begin PBXProject section */
		9BBFDE8D1A32511D00AF510D /* Project object */ = {
			isa = PBXProject;
			attributes = {
				LastUpgradeCheck = 0600;
				ORGANIZATIONNAME = "Lee Robinson";
				TargetAttributes = {
					9BBFDE941A32511D00AF510D = {
						CreatedOnToolsVersion = 6.0.1;
						DevelopmentTeam = ZRX52R3VBY;
					};
					9BBFDEA91A32511E00AF510D = {
						CreatedOnToolsVersion = 6.0.1;
						DevelopmentTeam = ZRX52R3VBY;
						TestTargetID = 9BBFDE941A32511D00AF510D;
					};
				};
			};
			buildConfigurationList = 9BBFDE901A32511D00AF510D /* Build configuration list for PBXProject "MapTest" */;
			compatibilityVersion = "Xcode 3.2";
			developmentRegion = English;
			hasScannedForEncodings = 0;
			knownRegions = (
				en,
				Base,
			);
			mainGroup = 9BBFDE8C1A32511D00AF510D;
			productRefGroup = 9BBFDE961A32511D00AF510D /* Products */;
			projectDirPath = "";
			projectRoot = "";
			targets = (
				9BBFDE941A32511D00AF510D /* MapTest */,
				9BBFDEA91A32511E00AF510D /* MapTestTests */,
			);
		};
/* End PBXProject section */

/* Begin PBXResourcesBuildPhase section */
		9BBFDE931A32511D00AF510D /* Resources */ = {
			isa = PBXResourcesBuildPhase;
			buildActionMask = 2147483647;
			files = (
				9B69A57A1A79E42E0089F5C3 /* location-50.png in Resources */,
				9B69A57B1A79E42E0089F5C3 /* phone1-50.png in Resources */,
				9B69A5791A79E42E0089F5C3 /* globe-50.png in Resources */,
				9B69A57C1A79E42E0089F5C3 /* star-50.png in Resources */,
				9B69A5741A770F480089F5C3 /* settings-50.png in Resources */,
				9B7AB6E91A67779300BC845E /* smallerbar.jpg in Resources */,
				9BC0BAD11A9303840042F301 /* gps.png in Resources */,
				9BBD0F511A37E39500F4E54E /* test.json in Resources */,
				9BC7A7E21A96E138003ABEDF /* generic_sorting2-50.png in Resources */,
				9BBFDEA01A32511D00AF510D /* Main.storyboard in Resources */,
				9BBD0F8F1A3D47A500F4E54E /* transparent.png in Resources */,
				9BBD0F9A1A4549E100F4E54E /* Cedar Falls, IA.gpx in Resources */,
				9BBD0F9D1A4549FF00F4E54E /* Ames, IA.gpx in Resources */,
				9B0D41061A885B7B00B39267 /* launch.png in Resources */,
				9BBFDEA51A32511D00AF510D /* LaunchScreen.xib in Resources */,
				9BBFDEA21A32511D00AF510D /* Images.xcassets in Resources */,
				9BBD0F9B1A4549E100F4E54E /* Iowa City, IA.gpx in Resources */,
			);
			runOnlyForDeploymentPostprocessing = 0;
		};
		9BBFDEA81A32511E00AF510D /* Resources */ = {
			isa = PBXResourcesBuildPhase;
			buildActionMask = 2147483647;
			files = (
			);
			runOnlyForDeploymentPostprocessing = 0;
		};
/* End PBXResourcesBuildPhase section */

/* Begin PBXSourcesBuildPhase section */
		9BBFDE911A32511D00AF510D /* Sources */ = {
			isa = PBXSourcesBuildPhase;
			buildActionMask = 2147483647;
			files = (
				9BBFDEC11A34FECD00AF510D /* BarAnnotation.swift in Sources */,
				9BBFDE9D1A32511D00AF510D /* BarMap.swift in Sources */,
				9B69A57E1A7C44B40089F5C3 /* SegControl.swift in Sources */,
				9B6179A51A350D1F00AB0FE8 /* BarDetail.swift in Sources */,
				9B9865C11A3569DC004E07A2 /* DailyDeals.swift in Sources */,
				9B9865B51A35405B004E07A2 /* DealCell.swift in Sources */,
				9BBFDE9B1A32511D00AF510D /* AppDelegate.swift in Sources */,
			);
			runOnlyForDeploymentPostprocessing = 0;
		};
		9BBFDEA61A32511E00AF510D /* Sources */ = {
			isa = PBXSourcesBuildPhase;
			buildActionMask = 2147483647;
			files = (
				9BBFDEB11A32511E00AF510D /* MapTestTests.swift in Sources */,
			);
			runOnlyForDeploymentPostprocessing = 0;
		};
/* End PBXSourcesBuildPhase section */

/* Begin PBXTargetDependency section */
		9BBFDEAC1A32511E00AF510D /* PBXTargetDependency */ = {
			isa = PBXTargetDependency;
			target = 9BBFDE941A32511D00AF510D /* MapTest */;
			targetProxy = 9BBFDEAB1A32511E00AF510D /* PBXContainerItemProxy */;
		};
/* End PBXTargetDependency section */

/* Begin PBXVariantGroup section */
		9BBFDE9E1A32511D00AF510D /* Main.storyboard */ = {
			isa = PBXVariantGroup;
			children = (
				9BBFDE9F1A32511D00AF510D /* Base */,
			);
			name = Main.storyboard;
			sourceTree = "<group>";
		};
		9BBFDEA31A32511D00AF510D /* LaunchScreen.xib */ = {
			isa = PBXVariantGroup;
			children = (
				9BBFDEA41A32511D00AF510D /* Base */,
			);
			name = LaunchScreen.xib;
			sourceTree = "<group>";
		};
/* End PBXVariantGroup section */

/* Begin XCBuildConfiguration section */
		9BBFDEB21A32511E00AF510D /* Debug */ = {
			isa = XCBuildConfiguration;
			buildSettings = {
				ALWAYS_SEARCH_USER_PATHS = NO;
				CLANG_CXX_LANGUAGE_STANDARD = "gnu++0x";
				CLANG_CXX_LIBRARY = "libc++";
				CLANG_ENABLE_MODULES = YES;
				CLANG_ENABLE_OBJC_ARC = YES;
				CLANG_WARN_BOOL_CONVERSION = YES;
				CLANG_WARN_CONSTANT_CONVERSION = YES;
				CLANG_WARN_DIRECT_OBJC_ISA_USAGE = YES_ERROR;
				CLANG_WARN_EMPTY_BODY = YES;
				CLANG_WARN_ENUM_CONVERSION = YES;
				CLANG_WARN_INT_CONVERSION = YES;
				CLANG_WARN_OBJC_ROOT_CLASS = YES_ERROR;
				CLANG_WARN_UNREACHABLE_CODE = YES;
				CLANG_WARN__DUPLICATE_METHOD_MATCH = YES;
				"CODE_SIGN_IDENTITY[sdk=iphoneos*]" = "iPhone Developer";
				COPY_PHASE_STRIP = NO;
				ENABLE_STRICT_OBJC_MSGSEND = YES;
				GCC_C_LANGUAGE_STANDARD = gnu99;
				GCC_DYNAMIC_NO_PIC = NO;
				GCC_OPTIMIZATION_LEVEL = 0;
				GCC_PREPROCESSOR_DEFINITIONS = (
					"DEBUG=1",
					"$(inherited)",
				);
				GCC_SYMBOLS_PRIVATE_EXTERN = NO;
				GCC_WARN_64_TO_32_BIT_CONVERSION = YES;
				GCC_WARN_ABOUT_RETURN_TYPE = YES_ERROR;
				GCC_WARN_UNDECLARED_SELECTOR = YES;
				GCC_WARN_UNINITIALIZED_AUTOS = YES_AGGRESSIVE;
				GCC_WARN_UNUSED_FUNCTION = YES;
				GCC_WARN_UNUSED_VARIABLE = YES;
				IPHONEOS_DEPLOYMENT_TARGET = 8.0;
				MTL_ENABLE_DEBUG_INFO = YES;
				ONLY_ACTIVE_ARCH = YES;
				SDKROOT = iphoneos;
				SWIFT_OPTIMIZATION_LEVEL = "-Onone";
			};
			name = Debug;
		};
		9BBFDEB31A32511E00AF510D /* Release */ = {
			isa = XCBuildConfiguration;
			buildSettings = {
				ALWAYS_SEARCH_USER_PATHS = NO;
				CLANG_CXX_LANGUAGE_STANDARD = "gnu++0x";
				CLANG_CXX_LIBRARY = "libc++";
				CLANG_ENABLE_MODULES = YES;
				CLANG_ENABLE_OBJC_ARC = YES;
				CLANG_WARN_BOOL_CONVERSION = YES;
				CLANG_WARN_CONSTANT_CONVERSION = YES;
				CLANG_WARN_DIRECT_OBJC_ISA_USAGE = YES_ERROR;
				CLANG_WARN_EMPTY_BODY = YES;
				CLANG_WARN_ENUM_CONVERSION = YES;
				CLANG_WARN_INT_CONVERSION = YES;
				CLANG_WARN_OBJC_ROOT_CLASS = YES_ERROR;
				CLANG_WARN_UNREACHABLE_CODE = YES;
				CLANG_WARN__DUPLICATE_METHOD_MATCH = YES;
				"CODE_SIGN_IDENTITY[sdk=iphoneos*]" = "iPhone Developer";
				COPY_PHASE_STRIP = YES;
				ENABLE_NS_ASSERTIONS = NO;
				ENABLE_STRICT_OBJC_MSGSEND = YES;
				GCC_C_LANGUAGE_STANDARD = gnu99;
				GCC_WARN_64_TO_32_BIT_CONVERSION = YES;
				GCC_WARN_ABOUT_RETURN_TYPE = YES_ERROR;
				GCC_WARN_UNDECLARED_SELECTOR = YES;
				GCC_WARN_UNINITIALIZED_AUTOS = YES_AGGRESSIVE;
				GCC_WARN_UNUSED_FUNCTION = YES;
				GCC_WARN_UNUSED_VARIABLE = YES;
				IPHONEOS_DEPLOYMENT_TARGET = 8.0;
				MTL_ENABLE_DEBUG_INFO = NO;
				SDKROOT = iphoneos;
				VALIDATE_PRODUCT = YES;
			};
			name = Release;
		};
		9BBFDEB51A32511E00AF510D /* Debug */ = {
			isa = XCBuildConfiguration;
			buildSettings = {
				ASSETCATALOG_COMPILER_APPICON_NAME = AppIcon;
				ASSETCATALOG_COMPILER_LAUNCHIMAGE_NAME = LaunchImage;
				CLANG_ENABLE_MODULES = YES;
				CODE_SIGN_IDENTITY = "iPhone Distribution";
				"CODE_SIGN_IDENTITY[sdk=iphoneos*]" = "iPhone Developer";
				FRAMEWORK_SEARCH_PATHS = (
					"$(inherited)",
					"$(PROJECT_DIR)",
				);
				INFOPLIST_FILE = MapTest/Info.plist;
				IPHONEOS_DEPLOYMENT_TARGET = 8.1;
				LD_RUNPATH_SEARCH_PATHS = "$(inherited) @executable_path/Frameworks";
				PRODUCT_NAME = tabsaver;
				PROVISIONING_PROFILE = "";
				SWIFT_OBJC_BRIDGING_HEADER = "";
				SWIFT_OPTIMIZATION_LEVEL = "-Onone";
				TARGETED_DEVICE_FAMILY = 1;
			};
			name = Debug;
		};
		9BBFDEB61A32511E00AF510D /* Release */ = {
			isa = XCBuildConfiguration;
			buildSettings = {
				ASSETCATALOG_COMPILER_APPICON_NAME = AppIcon;
				ASSETCATALOG_COMPILER_LAUNCHIMAGE_NAME = LaunchImage;
				CLANG_ENABLE_MODULES = YES;
				CODE_SIGN_IDENTITY = "iPhone Distribution";
				"CODE_SIGN_IDENTITY[sdk=iphoneos*]" = "iPhone Developer";
				FRAMEWORK_SEARCH_PATHS = (
					"$(inherited)",
					"$(PROJECT_DIR)",
				);
				INFOPLIST_FILE = MapTest/Info.plist;
				IPHONEOS_DEPLOYMENT_TARGET = 8.1;
				LD_RUNPATH_SEARCH_PATHS = "$(inherited) @executable_path/Frameworks";
				PRODUCT_NAME = tabsaver;
				PROVISIONING_PROFILE = "";
				SWIFT_OBJC_BRIDGING_HEADER = "";
				TARGETED_DEVICE_FAMILY = 1;
			};
			name = Release;
		};
		9BBFDEB81A32511E00AF510D /* Debug */ = {
			isa = XCBuildConfiguration;
			buildSettings = {
				BUNDLE_LOADER = "$(TEST_HOST)";
				CODE_SIGN_IDENTITY = "iPhone Developer";
				"CODE_SIGN_IDENTITY[sdk=iphoneos*]" = "iPhone Developer";
				FRAMEWORK_SEARCH_PATHS = (
					"$(SDKROOT)/Developer/Library/Frameworks",
					"$(inherited)",
				);
				GCC_PREPROCESSOR_DEFINITIONS = (
					"DEBUG=1",
					"$(inherited)",
				);
				INFOPLIST_FILE = MapTestTests/Info.plist;
				LD_RUNPATH_SEARCH_PATHS = "$(inherited) @executable_path/Frameworks @loader_path/Frameworks";
				PRODUCT_NAME = MapTestTests;
				PROVISIONING_PROFILE = "";
				TEST_HOST = "$(BUILT_PRODUCTS_DIR)/tabsaver.app/tabsaver";
			};
			name = Debug;
		};
		9BBFDEB91A32511E00AF510D /* Release */ = {
			isa = XCBuildConfiguration;
			buildSettings = {
				BUNDLE_LOADER = "$(TEST_HOST)";
				CODE_SIGN_IDENTITY = "iPhone Developer";
				"CODE_SIGN_IDENTITY[sdk=iphoneos*]" = "iPhone Developer";
				FRAMEWORK_SEARCH_PATHS = (
					"$(SDKROOT)/Developer/Library/Frameworks",
					"$(inherited)",
				);
				INFOPLIST_FILE = MapTestTests/Info.plist;
				LD_RUNPATH_SEARCH_PATHS = "$(inherited) @executable_path/Frameworks @loader_path/Frameworks";
				PRODUCT_NAME = MapTestTests;
				PROVISIONING_PROFILE = "";
				TEST_HOST = "$(BUILT_PRODUCTS_DIR)/tabsaver.app/tabsaver";
			};
			name = Release;
		};
/* End XCBuildConfiguration section */

/* Begin XCConfigurationList section */
		9BBFDE901A32511D00AF510D /* Build configuration list for PBXProject "MapTest" */ = {
			isa = XCConfigurationList;
			buildConfigurations = (
				9BBFDEB21A32511E00AF510D /* Debug */,
				9BBFDEB31A32511E00AF510D /* Release */,
			);
			defaultConfigurationIsVisible = 0;
			defaultConfigurationName = Release;
		};
		9BBFDEB41A32511E00AF510D /* Build configuration list for PBXNativeTarget "MapTest" */ = {
			isa = XCConfigurationList;
			buildConfigurations = (
				9BBFDEB51A32511E00AF510D /* Debug */,
				9BBFDEB61A32511E00AF510D /* Release */,
			);
			defaultConfigurationIsVisible = 0;
			defaultConfigurationName = Release;
		};
		9BBFDEB71A32511E00AF510D /* Build configuration list for PBXNativeTarget "MapTestTests" */ = {
			isa = XCConfigurationList;
			buildConfigurations = (
				9BBFDEB81A32511E00AF510D /* Debug */,
				9BBFDEB91A32511E00AF510D /* Release */,
			);
			defaultConfigurationIsVisible = 0;
			defaultConfigurationName = Release;
		};
/* End XCConfigurationList section */
	};
	rootObject = 9BBFDE8D1A32511D00AF510D /* Project object */;
}
