// !$*UTF8*$!
{
	archiveVersion = 1;
	classes = {
	};
	objectVersion = 46;
	objects = {

/* Begin PBXBuildFile section */
		9B0D41061A885B7B00B39267 /* launch.png in Resources */ = {isa = PBXBuildFile; fileRef = 9B0D41051A885B7B00B39267 /* launch.png */; };
		9B4C768E1AF86DEA00DB979E /* CoreDataHelper.swift in Sources */ = {isa = PBXBuildFile; fileRef = 9B4C768D1AF86DEA00DB979E /* CoreDataHelper.swift */; };
		9B4C76901AF8721A00DB979E /* Colors.swift in Sources */ = {isa = PBXBuildFile; fileRef = 9B4C768F1AF8721A00DB979E /* Colors.swift */; };
		9B6179A51A350D1F00AB0FE8 /* BarDetail.swift in Sources */ = {isa = PBXBuildFile; fileRef = 9B6179A41A350D1F00AB0FE8 /* BarDetail.swift */; };
		9B69A5741A770F480089F5C3 /* settings-50.png in Resources */ = {isa = PBXBuildFile; fileRef = 9B69A5731A770F480089F5C3 /* settings-50.png */; };
		9B69A5791A79E42E0089F5C3 /* globe-50.png in Resources */ = {isa = PBXBuildFile; fileRef = 9B69A5751A79E42E0089F5C3 /* globe-50.png */; };
		9B69A57A1A79E42E0089F5C3 /* location-50.png in Resources */ = {isa = PBXBuildFile; fileRef = 9B69A5761A79E42E0089F5C3 /* location-50.png */; };
		9B69A57B1A79E42E0089F5C3 /* phone1-50.png in Resources */ = {isa = PBXBuildFile; fileRef = 9B69A5771A79E42E0089F5C3 /* phone1-50.png */; };
		9B69A57C1A79E42E0089F5C3 /* star-50.png in Resources */ = {isa = PBXBuildFile; fileRef = 9B69A5781A79E42E0089F5C3 /* star-50.png */; };
		9B69A57E1A7C44B40089F5C3 /* SegControl.swift in Sources */ = {isa = PBXBuildFile; fileRef = 9B69A57D1A7C44B40089F5C3 /* SegControl.swift */; };
		9B7AB6E91A67779300BC845E /* smallerbar.jpg in Resources */ = {isa = PBXBuildFile; fileRef = 9B7AB6E81A67779300BC845E /* smallerbar.jpg */; };
		9B9865B51A35405B004E07A2 /* DealCell.swift in Sources */ = {isa = PBXBuildFile; fileRef = 9B9865B41A35405B004E07A2 /* DealCell.swift */; };
		9B9865C11A3569DC004E07A2 /* DailyDeals.swift in Sources */ = {isa = PBXBuildFile; fileRef = 9B9865C01A3569DC004E07A2 /* DailyDeals.swift */; };
		9B9887091AEF2CC000DA09F8 /* Bolts.framework in Frameworks */ = {isa = PBXBuildFile; fileRef = 9B9887071AEF2CC000DA09F8 /* Bolts.framework */; };
		9B98870A1AEF2CC100DA09F8 /* Parse.framework in Frameworks */ = {isa = PBXBuildFile; fileRef = 9B9887081AEF2CC000DA09F8 /* Parse.framework */; };
		9B98870F1AEF2CFA00DA09F8 /* AudioToolbox.framework in Frameworks */ = {isa = PBXBuildFile; fileRef = 9B98870E1AEF2CFA00DA09F8 /* AudioToolbox.framework */; };
		9B9887111AEF2D0200DA09F8 /* CFNetwork.framework in Frameworks */ = {isa = PBXBuildFile; fileRef = 9B9887101AEF2D0200DA09F8 /* CFNetwork.framework */; };
		9B9887131AEF2D0900DA09F8 /* CoreGraphics.framework in Frameworks */ = {isa = PBXBuildFile; fileRef = 9B9887121AEF2D0900DA09F8 /* CoreGraphics.framework */; };
		9B9887151AEF2D1700DA09F8 /* MobileCoreServices.framework in Frameworks */ = {isa = PBXBuildFile; fileRef = 9B9887141AEF2D1700DA09F8 /* MobileCoreServices.framework */; };
		9B9887171AEF2D1E00DA09F8 /* QuartzCore.framework in Frameworks */ = {isa = PBXBuildFile; fileRef = 9B9887161AEF2D1E00DA09F8 /* QuartzCore.framework */; };
		9B9887191AEF2D2400DA09F8 /* Security.framework in Frameworks */ = {isa = PBXBuildFile; fileRef = 9B9887181AEF2D2400DA09F8 /* Security.framework */; };
		9B98871B1AEF2D2800DA09F8 /* StoreKit.framework in Frameworks */ = {isa = PBXBuildFile; fileRef = 9B98871A1AEF2D2800DA09F8 /* StoreKit.framework */; };
		9B98871D1AEF2D2F00DA09F8 /* SystemConfiguration.framework in Frameworks */ = {isa = PBXBuildFile; fileRef = 9B98871C1AEF2D2F00DA09F8 /* SystemConfiguration.framework */; };
		9B98871F1AEF2D3E00DA09F8 /* libz.dylib in Frameworks */ = {isa = PBXBuildFile; fileRef = 9B98871E1AEF2D3E00DA09F8 /* libz.dylib */; };
		9B9887211AEF2D4500DA09F8 /* libsqlite3.dylib in Frameworks */ = {isa = PBXBuildFile; fileRef = 9B9887201AEF2D4500DA09F8 /* libsqlite3.dylib */; };
		9B9887241AF0777000DA09F8 /* ClientLogin.swift in Sources */ = {isa = PBXBuildFile; fileRef = 9B9887231AF0777000DA09F8 /* ClientLogin.swift */; };
		9B9887281AF084FE00DA09F8 /* ClientUpdate.swift in Sources */ = {isa = PBXBuildFile; fileRef = 9B9887271AF084FE00DA09F8 /* ClientUpdate.swift */; };
		9BA428561ADD8D1700578522 /* Settings.swift in Sources */ = {isa = PBXBuildFile; fileRef = 9BA428551ADD8D1700578522 /* Settings.swift */; };
		9BA4285A1ADDEB7200578522 /* FavoritesList.swift in Sources */ = {isa = PBXBuildFile; fileRef = 9BA428591ADDEB7200578522 /* FavoritesList.swift */; };
		9BA4285E1ADE042E00578522 /* check.png in Resources */ = {isa = PBXBuildFile; fileRef = 9BA4285D1ADE042E00578522 /* check.png */; };
		9BA428601ADE043500578522 /* star.png in Resources */ = {isa = PBXBuildFile; fileRef = 9BA4285F1ADE043500578522 /* star.png */; };
		9BA8EF481AAD319300962C81 /* Website.swift in Sources */ = {isa = PBXBuildFile; fileRef = 9BA8EF471AAD319300962C81 /* Website.swift */; };
		9BA8EF921AAD717D00962C81 /* Armchair.framework in Frameworks */ = {isa = PBXBuildFile; fileRef = 9BA8EF851AAD715200962C81 /* Armchair.framework */; };
		9BA8EF931AAD718300962C81 /* Armchair.bundle in Resources */ = {isa = PBXBuildFile; fileRef = 9BA8EF891AAD715200962C81 /* Armchair.bundle */; };
		9BA8EF951AAD719800962C81 /* Armchair.framework in CopyFiles */ = {isa = PBXBuildFile; fileRef = 9BA8EF851AAD715200962C81 /* Armchair.framework */; settings = {ATTRIBUTES = (CodeSignOnCopy, RemoveHeadersOnCopy, ); }; };
		9BABC27D1ADCD68200A2239B /* dataModel.xcdatamodeld in Sources */ = {isa = PBXBuildFile; fileRef = 9BABC27B1ADCD68200A2239B /* dataModel.xcdatamodeld */; };
		9BBD0F8F1A3D47A500F4E54E /* transparent.png in Resources */ = {isa = PBXBuildFile; fileRef = 9BBD0F8E1A3D47A500F4E54E /* transparent.png */; };
		9BBD0F9A1A4549E100F4E54E /* Cedar Falls, IA.gpx in Resources */ = {isa = PBXBuildFile; fileRef = 9BBD0F981A4549E100F4E54E /* Cedar Falls, IA.gpx */; };
		9BBD0F9B1A4549E100F4E54E /* Iowa City, IA.gpx in Resources */ = {isa = PBXBuildFile; fileRef = 9BBD0F991A4549E100F4E54E /* Iowa City, IA.gpx */; };
		9BBD0F9D1A4549FF00F4E54E /* Ames, IA.gpx in Resources */ = {isa = PBXBuildFile; fileRef = 9BBD0F9C1A4549FF00F4E54E /* Ames, IA.gpx */; };
		9BBFDE9B1A32511D00AF510D /* AppDelegate.swift in Sources */ = {isa = PBXBuildFile; fileRef = 9BBFDE9A1A32511D00AF510D /* AppDelegate.swift */; };
		9BBFDE9D1A32511D00AF510D /* BarMap.swift in Sources */ = {isa = PBXBuildFile; fileRef = 9BBFDE9C1A32511D00AF510D /* BarMap.swift */; };
		9BBFDEA01A32511D00AF510D /* Main.storyboard in Resources */ = {isa = PBXBuildFile; fileRef = 9BBFDE9E1A32511D00AF510D /* Main.storyboard */; };
		9BBFDEA21A32511D00AF510D /* Images.xcassets in Resources */ = {isa = PBXBuildFile; fileRef = 9BBFDEA11A32511D00AF510D /* Images.xcassets */; };
		9BBFDEA51A32511D00AF510D /* LaunchScreen.xib in Resources */ = {isa = PBXBuildFile; fileRef = 9BBFDEA31A32511D00AF510D /* LaunchScreen.xib */; };
		9BBFDEBB1A32513A00AF510D /* MapKit.framework in Frameworks */ = {isa = PBXBuildFile; fileRef = 9BBFDEBA1A32513A00AF510D /* MapKit.framework */; };
		9BBFDEBD1A32514000AF510D /* CoreLocation.framework in Frameworks */ = {isa = PBXBuildFile; fileRef = 9BBFDEBC1A32514000AF510D /* CoreLocation.framework */; };
		9BBFDEC11A34FECD00AF510D /* BarAnnotation.swift in Sources */ = {isa = PBXBuildFile; fileRef = 9BBFDEC01A34FECD00AF510D /* BarAnnotation.swift */; };
		9BC0BAD11A9303840042F301 /* gps.png in Resources */ = {isa = PBXBuildFile; fileRef = 9BC0BAD01A9303840042F301 /* gps.png */; };
		9BC7A7E21A96E138003ABEDF /* generic_sorting2-50.png in Resources */ = {isa = PBXBuildFile; fileRef = 9BC7A7E11A96E138003ABEDF /* generic_sorting2-50.png */; };
/* End PBXBuildFile section */

/* Begin PBXContainerItemProxy section */
		9BA8EF841AAD715200962C81 /* PBXContainerItemProxy */ = {
			isa = PBXContainerItemProxy;
			containerPortal = 9BA8EF7C1AAD715100962C81 /* Armchair.xcodeproj */;
			proxyType = 2;
			remoteGlobalIDString = E6D8B8B519C7274F001AD043;
			remoteInfo = Armchair;
		};
		9BA8EF861AAD715200962C81 /* PBXContainerItemProxy */ = {
			isa = PBXContainerItemProxy;
			containerPortal = 9BA8EF7C1AAD715100962C81 /* Armchair.xcodeproj */;
			proxyType = 2;
			remoteGlobalIDString = E6D8B8F919C756A4001AD043;
			remoteInfo = ArmchairMac;
		};
		9BA8EF881AAD715200962C81 /* PBXContainerItemProxy */ = {
			isa = PBXContainerItemProxy;
			containerPortal = 9BA8EF7C1AAD715100962C81 /* Armchair.xcodeproj */;
			proxyType = 2;
			remoteGlobalIDString = E6A0AF6519C9CFF400C3A7DC;
			remoteInfo = ArmchairLocalizable;
		};
		9BA8EF8A1AAD715200962C81 /* PBXContainerItemProxy */ = {
			isa = PBXContainerItemProxy;
			containerPortal = 9BA8EF7C1AAD715100962C81 /* Armchair.xcodeproj */;
			proxyType = 2;
			remoteGlobalIDString = E6F6159419C9FFDA00C0B51C;
			remoteInfo = ArmchairLocalizableMac;
		};
		9BA8EF8C1AAD715200962C81 /* PBXContainerItemProxy */ = {
			isa = PBXContainerItemProxy;
			containerPortal = 9BA8EF7C1AAD715100962C81 /* Armchair.xcodeproj */;
			proxyType = 2;
			remoteGlobalIDString = E6D8B92819C880A9001AD043;
			remoteInfo = ArmchairTests;
		};
		9BA8EF8E1AAD717300962C81 /* PBXContainerItemProxy */ = {
			isa = PBXContainerItemProxy;
			containerPortal = 9BA8EF7C1AAD715100962C81 /* Armchair.xcodeproj */;
			proxyType = 1;
			remoteGlobalIDString = F8111E3219A95C8B0040E7D1;
			remoteInfo = Armchair;
		};
		9BA8EF901AAD717600962C81 /* PBXContainerItemProxy */ = {
			isa = PBXContainerItemProxy;
			containerPortal = 9BA8EF7C1AAD715100962C81 /* Armchair.xcodeproj */;
			proxyType = 1;
			remoteGlobalIDString = E6A0AF6419C9CFF400C3A7DC;
			remoteInfo = ArmchairLocalizable;
		};
/* End PBXContainerItemProxy section */

/* Begin PBXCopyFilesBuildPhase section */
		9BA8EF611AAD5EE900962C81 /* CopyFiles */ = {
			isa = PBXCopyFilesBuildPhase;
			buildActionMask = 2147483647;
			dstPath = "";
			dstSubfolderSpec = 10;
			files = (
				9BA8EF951AAD719800962C81 /* Armchair.framework in CopyFiles */,
			);
			runOnlyForDeploymentPostprocessing = 0;
		};
/* End PBXCopyFilesBuildPhase section */

/* Begin PBXFileReference section */
		9B0D41051A885B7B00B39267 /* launch.png */ = {isa = PBXFileReference; lastKnownFileType = image.png; path = launch.png; sourceTree = "<group>"; };
		9B4C768D1AF86DEA00DB979E /* CoreDataHelper.swift */ = {isa = PBXFileReference; fileEncoding = 4; lastKnownFileType = sourcecode.swift; path = CoreDataHelper.swift; sourceTree = "<group>"; };
		9B4C768F1AF8721A00DB979E /* Colors.swift */ = {isa = PBXFileReference; fileEncoding = 4; lastKnownFileType = sourcecode.swift; path = Colors.swift; sourceTree = "<group>"; };
		9B6179A41A350D1F00AB0FE8 /* BarDetail.swift */ = {isa = PBXFileReference; fileEncoding = 4; lastKnownFileType = sourcecode.swift; path = BarDetail.swift; sourceTree = "<group>"; };
		9B69A5731A770F480089F5C3 /* settings-50.png */ = {isa = PBXFileReference; lastKnownFileType = image.png; path = "settings-50.png"; sourceTree = "<group>"; };
		9B69A5751A79E42E0089F5C3 /* globe-50.png */ = {isa = PBXFileReference; lastKnownFileType = image.png; path = "globe-50.png"; sourceTree = "<group>"; };
		9B69A5761A79E42E0089F5C3 /* location-50.png */ = {isa = PBXFileReference; lastKnownFileType = image.png; path = "location-50.png"; sourceTree = "<group>"; };
		9B69A5771A79E42E0089F5C3 /* phone1-50.png */ = {isa = PBXFileReference; lastKnownFileType = image.png; path = "phone1-50.png"; sourceTree = "<group>"; };
		9B69A5781A79E42E0089F5C3 /* star-50.png */ = {isa = PBXFileReference; lastKnownFileType = image.png; path = "star-50.png"; sourceTree = "<group>"; };
		9B69A57D1A7C44B40089F5C3 /* SegControl.swift */ = {isa = PBXFileReference; fileEncoding = 4; lastKnownFileType = sourcecode.swift; path = SegControl.swift; sourceTree = "<group>"; };
		9B7AB6E81A67779300BC845E /* smallerbar.jpg */ = {isa = PBXFileReference; lastKnownFileType = image.jpeg; path = smallerbar.jpg; sourceTree = "<group>"; };
		9B9865B41A35405B004E07A2 /* DealCell.swift */ = {isa = PBXFileReference; fileEncoding = 4; lastKnownFileType = sourcecode.swift; path = DealCell.swift; sourceTree = "<group>"; };
		9B9865C01A3569DC004E07A2 /* DailyDeals.swift */ = {isa = PBXFileReference; fileEncoding = 4; lastKnownFileType = sourcecode.swift; path = DailyDeals.swift; sourceTree = "<group>"; };
		9B9887071AEF2CC000DA09F8 /* Bolts.framework */ = {isa = PBXFileReference; lastKnownFileType = wrapper.framework; name = Bolts.framework; path = MapTest/Bolts.framework; sourceTree = "<group>"; };
		9B9887081AEF2CC000DA09F8 /* Parse.framework */ = {isa = PBXFileReference; lastKnownFileType = wrapper.framework; name = Parse.framework; path = MapTest/Parse.framework; sourceTree = "<group>"; };
		9B98870E1AEF2CFA00DA09F8 /* AudioToolbox.framework */ = {isa = PBXFileReference; lastKnownFileType = wrapper.framework; name = AudioToolbox.framework; path = System/Library/Frameworks/AudioToolbox.framework; sourceTree = SDKROOT; };
		9B9887101AEF2D0200DA09F8 /* CFNetwork.framework */ = {isa = PBXFileReference; lastKnownFileType = wrapper.framework; name = CFNetwork.framework; path = System/Library/Frameworks/CFNetwork.framework; sourceTree = SDKROOT; };
		9B9887121AEF2D0900DA09F8 /* CoreGraphics.framework */ = {isa = PBXFileReference; lastKnownFileType = wrapper.framework; name = CoreGraphics.framework; path = System/Library/Frameworks/CoreGraphics.framework; sourceTree = SDKROOT; };
		9B9887141AEF2D1700DA09F8 /* MobileCoreServices.framework */ = {isa = PBXFileReference; lastKnownFileType = wrapper.framework; name = MobileCoreServices.framework; path = System/Library/Frameworks/MobileCoreServices.framework; sourceTree = SDKROOT; };
		9B9887161AEF2D1E00DA09F8 /* QuartzCore.framework */ = {isa = PBXFileReference; lastKnownFileType = wrapper.framework; name = QuartzCore.framework; path = System/Library/Frameworks/QuartzCore.framework; sourceTree = SDKROOT; };
		9B9887181AEF2D2400DA09F8 /* Security.framework */ = {isa = PBXFileReference; lastKnownFileType = wrapper.framework; name = Security.framework; path = System/Library/Frameworks/Security.framework; sourceTree = SDKROOT; };
		9B98871A1AEF2D2800DA09F8 /* StoreKit.framework */ = {isa = PBXFileReference; lastKnownFileType = wrapper.framework; name = StoreKit.framework; path = System/Library/Frameworks/StoreKit.framework; sourceTree = SDKROOT; };
		9B98871C1AEF2D2F00DA09F8 /* SystemConfiguration.framework */ = {isa = PBXFileReference; lastKnownFileType = wrapper.framework; name = SystemConfiguration.framework; path = System/Library/Frameworks/SystemConfiguration.framework; sourceTree = SDKROOT; };
		9B98871E1AEF2D3E00DA09F8 /* libz.dylib */ = {isa = PBXFileReference; lastKnownFileType = "compiled.mach-o.dylib"; name = libz.dylib; path = usr/lib/libz.dylib; sourceTree = SDKROOT; };
		9B9887201AEF2D4500DA09F8 /* libsqlite3.dylib */ = {isa = PBXFileReference; lastKnownFileType = "compiled.mach-o.dylib"; name = libsqlite3.dylib; path = usr/lib/libsqlite3.dylib; sourceTree = SDKROOT; };
		9B9887221AEF2EAA00DA09F8 /* bridgingHeader.h */ = {isa = PBXFileReference; lastKnownFileType = sourcecode.c.h; path = bridgingHeader.h; sourceTree = "<group>"; };
		9B9887231AF0777000DA09F8 /* ClientLogin.swift */ = {isa = PBXFileReference; fileEncoding = 4; lastKnownFileType = sourcecode.swift; path = ClientLogin.swift; sourceTree = "<group>"; };
		9B9887271AF084FE00DA09F8 /* ClientUpdate.swift */ = {isa = PBXFileReference; fileEncoding = 4; lastKnownFileType = sourcecode.swift; path = ClientUpdate.swift; sourceTree = "<group>"; };
		9BA428551ADD8D1700578522 /* Settings.swift */ = {isa = PBXFileReference; fileEncoding = 4; lastKnownFileType = sourcecode.swift; name = Settings.swift; path = ../Settings.swift; sourceTree = "<group>"; };
		9BA428591ADDEB7200578522 /* FavoritesList.swift */ = {isa = PBXFileReference; fileEncoding = 4; lastKnownFileType = sourcecode.swift; path = FavoritesList.swift; sourceTree = "<group>"; };
		9BA4285D1ADE042E00578522 /* check.png */ = {isa = PBXFileReference; lastKnownFileType = image.png; path = check.png; sourceTree = "<group>"; };
		9BA4285F1ADE043500578522 /* star.png */ = {isa = PBXFileReference; lastKnownFileType = image.png; path = star.png; sourceTree = "<group>"; };
		9BA8EF471AAD319300962C81 /* Website.swift */ = {isa = PBXFileReference; fileEncoding = 4; lastKnownFileType = sourcecode.swift; path = Website.swift; sourceTree = "<group>"; };
		9BA8EF7C1AAD715100962C81 /* Armchair.xcodeproj */ = {isa = PBXFileReference; lastKnownFileType = "wrapper.pb-project"; name = Armchair.xcodeproj; path = Armchair/Armchair.xcodeproj; sourceTree = "<group>"; };
		9BABC27C1ADCD68200A2239B /* dataModel.xcdatamodel */ = {isa = PBXFileReference; lastKnownFileType = wrapper.xcdatamodel; path = dataModel.xcdatamodel; sourceTree = "<group>"; };
		9BBD0F8E1A3D47A500F4E54E /* transparent.png */ = {isa = PBXFileReference; lastKnownFileType = image.png; path = transparent.png; sourceTree = "<group>"; };
		9BBD0F981A4549E100F4E54E /* Cedar Falls, IA.gpx */ = {isa = PBXFileReference; fileEncoding = 4; lastKnownFileType = text.xml; path = "Cedar Falls, IA.gpx"; sourceTree = "<group>"; };
		9BBD0F991A4549E100F4E54E /* Iowa City, IA.gpx */ = {isa = PBXFileReference; fileEncoding = 4; lastKnownFileType = text.xml; path = "Iowa City, IA.gpx"; sourceTree = "<group>"; };
		9BBD0F9C1A4549FF00F4E54E /* Ames, IA.gpx */ = {isa = PBXFileReference; fileEncoding = 4; lastKnownFileType = text.xml; path = "Ames, IA.gpx"; sourceTree = "<group>"; };
		9BBFDE951A32511D00AF510D /* tabsaver.app */ = {isa = PBXFileReference; explicitFileType = wrapper.application; includeInIndex = 0; path = tabsaver.app; sourceTree = BUILT_PRODUCTS_DIR; };
		9BBFDE991A32511D00AF510D /* Info.plist */ = {isa = PBXFileReference; lastKnownFileType = text.plist.xml; path = Info.plist; sourceTree = "<group>"; };
		9BBFDE9A1A32511D00AF510D /* AppDelegate.swift */ = {isa = PBXFileReference; lastKnownFileType = sourcecode.swift; path = AppDelegate.swift; sourceTree = "<group>"; };
		9BBFDE9C1A32511D00AF510D /* BarMap.swift */ = {isa = PBXFileReference; lastKnownFileType = sourcecode.swift; path = BarMap.swift; sourceTree = "<group>"; };
		9BBFDE9F1A32511D00AF510D /* Base */ = {isa = PBXFileReference; lastKnownFileType = file.storyboard; name = Base; path = Base.lproj/Main.storyboard; sourceTree = "<group>"; };
		9BBFDEA11A32511D00AF510D /* Images.xcassets */ = {isa = PBXFileReference; lastKnownFileType = folder.assetcatalog; path = Images.xcassets; sourceTree = "<group>"; };
		9BBFDEA41A32511D00AF510D /* Base */ = {isa = PBXFileReference; lastKnownFileType = file.xib; name = Base; path = Base.lproj/LaunchScreen.xib; sourceTree = "<group>"; };
		9BBFDEBA1A32513A00AF510D /* MapKit.framework */ = {isa = PBXFileReference; lastKnownFileType = wrapper.framework; name = MapKit.framework; path = System/Library/Frameworks/MapKit.framework; sourceTree = SDKROOT; };
		9BBFDEBC1A32514000AF510D /* CoreLocation.framework */ = {isa = PBXFileReference; lastKnownFileType = wrapper.framework; name = CoreLocation.framework; path = System/Library/Frameworks/CoreLocation.framework; sourceTree = SDKROOT; };
		9BBFDEC01A34FECD00AF510D /* BarAnnotation.swift */ = {isa = PBXFileReference; fileEncoding = 4; lastKnownFileType = sourcecode.swift; path = BarAnnotation.swift; sourceTree = "<group>"; };
		9BC0BAD01A9303840042F301 /* gps.png */ = {isa = PBXFileReference; lastKnownFileType = image.png; path = gps.png; sourceTree = "<group>"; };
		9BC7A7E11A96E138003ABEDF /* generic_sorting2-50.png */ = {isa = PBXFileReference; lastKnownFileType = image.png; path = "generic_sorting2-50.png"; sourceTree = "<group>"; };
/* End PBXFileReference section */

/* Begin PBXFrameworksBuildPhase section */
		9BBFDE921A32511D00AF510D /* Frameworks */ = {
			isa = PBXFrameworksBuildPhase;
			buildActionMask = 2147483647;
			files = (
				9B9887211AEF2D4500DA09F8 /* libsqlite3.dylib in Frameworks */,
				9B98871F1AEF2D3E00DA09F8 /* libz.dylib in Frameworks */,
				9B98871D1AEF2D2F00DA09F8 /* SystemConfiguration.framework in Frameworks */,
				9B98871B1AEF2D2800DA09F8 /* StoreKit.framework in Frameworks */,
				9B9887191AEF2D2400DA09F8 /* Security.framework in Frameworks */,
				9B9887171AEF2D1E00DA09F8 /* QuartzCore.framework in Frameworks */,
				9B9887151AEF2D1700DA09F8 /* MobileCoreServices.framework in Frameworks */,
				9BBFDEBD1A32514000AF510D /* CoreLocation.framework in Frameworks */,
				9B9887131AEF2D0900DA09F8 /* CoreGraphics.framework in Frameworks */,
				9B9887111AEF2D0200DA09F8 /* CFNetwork.framework in Frameworks */,
				9B98870F1AEF2CFA00DA09F8 /* AudioToolbox.framework in Frameworks */,
				9BBFDEBB1A32513A00AF510D /* MapKit.framework in Frameworks */,
				9BA8EF921AAD717D00962C81 /* Armchair.framework in Frameworks */,
				9B9887091AEF2CC000DA09F8 /* Bolts.framework in Frameworks */,
				9B98870A1AEF2CC100DA09F8 /* Parse.framework in Frameworks */,
			);
			runOnlyForDeploymentPostprocessing = 0;
		};
/* End PBXFrameworksBuildPhase section */

/* Begin PBXGroup section */
		9B0D41071A88682700B39267 /* Icons */ = {
			isa = PBXGroup;
			children = (
				9B69A5731A770F480089F5C3 /* settings-50.png */,
				9B69A5751A79E42E0089F5C3 /* globe-50.png */,
				9B69A5761A79E42E0089F5C3 /* location-50.png */,
				9B69A5771A79E42E0089F5C3 /* phone1-50.png */,
				9B69A5781A79E42E0089F5C3 /* star-50.png */,
				9BC7A7E11A96E138003ABEDF /* generic_sorting2-50.png */,
			);
			name = Icons;
			sourceTree = "<group>";
		};
		9B9865C61A358FB6004E07A2 /* Frameworks */ = {
			isa = PBXGroup;
			children = (
				9B9887201AEF2D4500DA09F8 /* libsqlite3.dylib */,
				9B98871E1AEF2D3E00DA09F8 /* libz.dylib */,
				9B98871C1AEF2D2F00DA09F8 /* SystemConfiguration.framework */,
				9B98871A1AEF2D2800DA09F8 /* StoreKit.framework */,
				9B9887181AEF2D2400DA09F8 /* Security.framework */,
				9B9887161AEF2D1E00DA09F8 /* QuartzCore.framework */,
				9B9887141AEF2D1700DA09F8 /* MobileCoreServices.framework */,
				9B9887121AEF2D0900DA09F8 /* CoreGraphics.framework */,
				9B9887101AEF2D0200DA09F8 /* CFNetwork.framework */,
				9B98870E1AEF2CFA00DA09F8 /* AudioToolbox.framework */,
				9B9887071AEF2CC000DA09F8 /* Bolts.framework */,
				9B9887081AEF2CC000DA09F8 /* Parse.framework */,
				9BBFDEBC1A32514000AF510D /* CoreLocation.framework */,
				9BBFDEBA1A32513A00AF510D /* MapKit.framework */,
			);
			name = Frameworks;
			sourceTree = "<group>";
		};
		9BA8EF7D1AAD715100962C81 /* Products */ = {
			isa = PBXGroup;
			children = (
				9BA8EF851AAD715200962C81 /* Armchair.framework */,
				9BA8EF871AAD715200962C81 /* Armchair.framework */,
				9BA8EF891AAD715200962C81 /* Armchair.bundle */,
				9BA8EF8B1AAD715200962C81 /* Armchair.bundle */,
				9BA8EF8D1AAD715200962C81 /* ArmchairTests.xctest */,
			);
			name = Products;
			sourceTree = "<group>";
		};
		9BBFDE8C1A32511D00AF510D = {
			isa = PBXGroup;
			children = (
				9BA8EF7C1AAD715100962C81 /* Armchair.xcodeproj */,
				9BBD0F9C1A4549FF00F4E54E /* Ames, IA.gpx */,
				9BBD0F981A4549E100F4E54E /* Cedar Falls, IA.gpx */,
				9BBD0F991A4549E100F4E54E /* Iowa City, IA.gpx */,
				9B9865C61A358FB6004E07A2 /* Frameworks */,
				9BBFDE971A32511D00AF510D /* MapTest */,
				9BBFDE961A32511D00AF510D /* Products */,
			);
			sourceTree = "<group>";
		};
		9BBFDE961A32511D00AF510D /* Products */ = {
			isa = PBXGroup;
			children = (
				9BBFDE951A32511D00AF510D /* tabsaver.app */,
			);
			name = Products;
			sourceTree = "<group>";
		};
		9BBFDE971A32511D00AF510D /* MapTest */ = {
			isa = PBXGroup;
			children = (
				9BBFDE9A1A32511D00AF510D /* AppDelegate.swift */,
				9B9887221AEF2EAA00DA09F8 /* bridgingHeader.h */,
				9BABC27B1ADCD68200A2239B /* dataModel.xcdatamodeld */,
				9BBFDE9E1A32511D00AF510D /* Main.storyboard */,
				9BBFDEA11A32511D00AF510D /* Images.xcassets */,
				9BBFDEA31A32511D00AF510D /* LaunchScreen.xib */,
				9BBFDE981A32511D00AF510D /* Supporting Files */,
				9BBFDE9C1A32511D00AF510D /* BarMap.swift */,
				9B9865C01A3569DC004E07A2 /* DailyDeals.swift */,
				9B6179A41A350D1F00AB0FE8 /* BarDetail.swift */,
				9BA428551ADD8D1700578522 /* Settings.swift */,
				9BA428591ADDEB7200578522 /* FavoritesList.swift */,
				9B9887271AF084FE00DA09F8 /* ClientUpdate.swift */,
				9B9887231AF0777000DA09F8 /* ClientLogin.swift */,
				9B4C768F1AF8721A00DB979E /* Colors.swift */,
				9B4C768D1AF86DEA00DB979E /* CoreDataHelper.swift */,
				9BBFDEC01A34FECD00AF510D /* BarAnnotation.swift */,
				9B9865B41A35405B004E07A2 /* DealCell.swift */,
				9B69A57D1A7C44B40089F5C3 /* SegControl.swift */,
				9BA8EF471AAD319300962C81 /* Website.swift */,
			);
			path = MapTest;
			sourceTree = "<group>";
		};
		9BBFDE981A32511D00AF510D /* Supporting Files */ = {
			isa = PBXGroup;
			children = (
				9B7AB6E81A67779300BC845E /* smallerbar.jpg */,
				9BBD0F8E1A3D47A500F4E54E /* transparent.png */,
				9BA4285D1ADE042E00578522 /* check.png */,
				9BA4285F1ADE043500578522 /* star.png */,
				9BC0BAD01A9303840042F301 /* gps.png */,
				9B0D41051A885B7B00B39267 /* launch.png */,
				9BBFDE991A32511D00AF510D /* Info.plist */,
				9B0D41071A88682700B39267 /* Icons */,
			);
			name = "Supporting Files";
			sourceTree = "<group>";
		};
/* End PBXGroup section */

/* Begin PBXNativeTarget section */
		9BBFDE941A32511D00AF510D /* MapTest */ = {
			isa = PBXNativeTarget;
			buildConfigurationList = 9BBFDEB41A32511E00AF510D /* Build configuration list for PBXNativeTarget "MapTest" */;
			buildPhases = (
				9BBFDE911A32511D00AF510D /* Sources */,
				9BBFDE921A32511D00AF510D /* Frameworks */,
				9BBFDE931A32511D00AF510D /* Resources */,
				9BA8EF611AAD5EE900962C81 /* CopyFiles */,
			);
			buildRules = (
			);
			dependencies = (
				9BA8EF911AAD717600962C81 /* PBXTargetDependency */,
				9BA8EF8F1AAD717300962C81 /* PBXTargetDependency */,
			);
			name = MapTest;
			productName = MapTest;
			productReference = 9BBFDE951A32511D00AF510D /* tabsaver.app */;
			productType = "com.apple.product-type.application";
		};
/* End PBXNativeTarget section */

/* Begin PBXProject section */
		9BBFDE8D1A32511D00AF510D /* Project object */ = {
			isa = PBXProject;
			attributes = {
				LastUpgradeCheck = 0630;
				ORGANIZATIONNAME = "Lee Robinson";
				TargetAttributes = {
					9BBFDE941A32511D00AF510D = {
						CreatedOnToolsVersion = 6.0.1;
						DevelopmentTeam = ZRX52R3VBY;
					};
				};
			};
			buildConfigurationList = 9BBFDE901A32511D00AF510D /* Build configuration list for PBXProject "MapTest" */;
			compatibilityVersion = "Xcode 3.2";
			developmentRegion = English;
			hasScannedForEncodings = 0;
			knownRegions = (
				en,
				Base,
				da,
				de,
				"es-ES",
				es,
				fr,
				ja,
				pt,
				"zh-Hans",
				"zh-Hant",
			);
			mainGroup = 9BBFDE8C1A32511D00AF510D;
			productRefGroup = 9BBFDE961A32511D00AF510D /* Products */;
			projectDirPath = "";
			projectReferences = (
				{
					ProductGroup = 9BA8EF7D1AAD715100962C81 /* Products */;
					ProjectRef = 9BA8EF7C1AAD715100962C81 /* Armchair.xcodeproj */;
				},
			);
			projectRoot = "";
			targets = (
				9BBFDE941A32511D00AF510D /* MapTest */,
			);
		};
/* End PBXProject section */

/* Begin PBXReferenceProxy section */
		9BA8EF851AAD715200962C81 /* Armchair.framework */ = {
			isa = PBXReferenceProxy;
			fileType = wrapper.framework;
			path = Armchair.framework;
			remoteRef = 9BA8EF841AAD715200962C81 /* PBXContainerItemProxy */;
			sourceTree = BUILT_PRODUCTS_DIR;
		};
		9BA8EF871AAD715200962C81 /* Armchair.framework */ = {
			isa = PBXReferenceProxy;
			fileType = wrapper.framework;
			path = Armchair.framework;
			remoteRef = 9BA8EF861AAD715200962C81 /* PBXContainerItemProxy */;
			sourceTree = BUILT_PRODUCTS_DIR;
		};
		9BA8EF891AAD715200962C81 /* Armchair.bundle */ = {
			isa = PBXReferenceProxy;
			fileType = wrapper.cfbundle;
			path = Armchair.bundle;
			remoteRef = 9BA8EF881AAD715200962C81 /* PBXContainerItemProxy */;
			sourceTree = BUILT_PRODUCTS_DIR;
		};
		9BA8EF8B1AAD715200962C81 /* Armchair.bundle */ = {
			isa = PBXReferenceProxy;
			fileType = wrapper.cfbundle;
			path = Armchair.bundle;
			remoteRef = 9BA8EF8A1AAD715200962C81 /* PBXContainerItemProxy */;
			sourceTree = BUILT_PRODUCTS_DIR;
		};
		9BA8EF8D1AAD715200962C81 /* ArmchairTests.xctest */ = {
			isa = PBXReferenceProxy;
			fileType = wrapper.cfbundle;
			path = ArmchairTests.xctest;
			remoteRef = 9BA8EF8C1AAD715200962C81 /* PBXContainerItemProxy */;
			sourceTree = BUILT_PRODUCTS_DIR;
		};
/* End PBXReferenceProxy section */

/* Begin PBXResourcesBuildPhase section */
		9BBFDE931A32511D00AF510D /* Resources */ = {
			isa = PBXResourcesBuildPhase;
			buildActionMask = 2147483647;
			files = (
				9BA4285E1ADE042E00578522 /* check.png in Resources */,
				9B69A57A1A79E42E0089F5C3 /* location-50.png in Resources */,
				9B69A57B1A79E42E0089F5C3 /* phone1-50.png in Resources */,
				9B69A5791A79E42E0089F5C3 /* globe-50.png in Resources */,
				9B69A57C1A79E42E0089F5C3 /* star-50.png in Resources */,
				9B69A5741A770F480089F5C3 /* settings-50.png in Resources */,
				9B7AB6E91A67779300BC845E /* smallerbar.jpg in Resources */,
				9BC0BAD11A9303840042F301 /* gps.png in Resources */,
				9BC7A7E21A96E138003ABEDF /* generic_sorting2-50.png in Resources */,
				9BBFDEA01A32511D00AF510D /* Main.storyboard in Resources */,
				9BBD0F8F1A3D47A500F4E54E /* transparent.png in Resources */,
				9BBD0F9A1A4549E100F4E54E /* Cedar Falls, IA.gpx in Resources */,
				9BA428601ADE043500578522 /* star.png in Resources */,
				9BBD0F9D1A4549FF00F4E54E /* Ames, IA.gpx in Resources */,
				9B0D41061A885B7B00B39267 /* launch.png in Resources */,
				9BBFDEA51A32511D00AF510D /* LaunchScreen.xib in Resources */,
				9BBFDEA21A32511D00AF510D /* Images.xcassets in Resources */,
				9BBD0F9B1A4549E100F4E54E /* Iowa City, IA.gpx in Resources */,
				9BA8EF931AAD718300962C81 /* Armchair.bundle in Resources */,
			);
			runOnlyForDeploymentPostprocessing = 0;
		};
/* End PBXResourcesBuildPhase section */

/* Begin PBXSourcesBuildPhase section */
		9BBFDE911A32511D00AF510D /* Sources */ = {
			isa = PBXSourcesBuildPhase;
			buildActionMask = 2147483647;
			files = (
				9B9887241AF0777000DA09F8 /* ClientLogin.swift in Sources */,
				9B4C76901AF8721A00DB979E /* Colors.swift in Sources */,
				9BBFDEC11A34FECD00AF510D /* BarAnnotation.swift in Sources */,
				9BABC27D1ADCD68200A2239B /* dataModel.xcdatamodeld in Sources */,
				9BBFDE9D1A32511D00AF510D /* BarMap.swift in Sources */,
				9B69A57E1A7C44B40089F5C3 /* SegControl.swift in Sources */,
				9BA428561ADD8D1700578522 /* Settings.swift in Sources */,
				9BA8EF481AAD319300962C81 /* Website.swift in Sources */,
				9B6179A51A350D1F00AB0FE8 /* BarDetail.swift in Sources */,
				9B9865C11A3569DC004E07A2 /* DailyDeals.swift in Sources */,
				9B9865B51A35405B004E07A2 /* DealCell.swift in Sources */,
				9B4C768E1AF86DEA00DB979E /* CoreDataHelper.swift in Sources */,
				9B9887281AF084FE00DA09F8 /* ClientUpdate.swift in Sources */,
				9BBFDE9B1A32511D00AF510D /* AppDelegate.swift in Sources */,
				9BA4285A1ADDEB7200578522 /* FavoritesList.swift in Sources */,
			);
			runOnlyForDeploymentPostprocessing = 0;
		};
/* End PBXSourcesBuildPhase section */

/* Begin PBXTargetDependency section */
		9BA8EF8F1AAD717300962C81 /* PBXTargetDependency */ = {
			isa = PBXTargetDependency;
			name = Armchair;
			targetProxy = 9BA8EF8E1AAD717300962C81 /* PBXContainerItemProxy */;
		};
		9BA8EF911AAD717600962C81 /* PBXTargetDependency */ = {
			isa = PBXTargetDependency;
			name = ArmchairLocalizable;
			targetProxy = 9BA8EF901AAD717600962C81 /* PBXContainerItemProxy */;
		};
/* End PBXTargetDependency section */

/* Begin PBXVariantGroup section */
		9BBFDE9E1A32511D00AF510D /* Main.storyboard */ = {
			isa = PBXVariantGroup;
			children = (
				9BBFDE9F1A32511D00AF510D /* Base */,
			);
			name = Main.storyboard;
			sourceTree = "<group>";
		};
		9BBFDEA31A32511D00AF510D /* LaunchScreen.xib */ = {
			isa = PBXVariantGroup;
			children = (
				9BBFDEA41A32511D00AF510D /* Base */,
			);
			name = LaunchScreen.xib;
			sourceTree = "<group>";
		};
/* End PBXVariantGroup section */

/* Begin XCBuildConfiguration section */
		9BBFDEB21A32511E00AF510D /* Debug */ = {
			isa = XCBuildConfiguration;
			buildSettings = {
				ALWAYS_SEARCH_USER_PATHS = NO;
				CLANG_CXX_LANGUAGE_STANDARD = "gnu++0x";
				CLANG_CXX_LIBRARY = "libc++";
				CLANG_ENABLE_MODULES = YES;
				CLANG_ENABLE_OBJC_ARC = YES;
				CLANG_WARN_BOOL_CONVERSION = YES;
				CLANG_WARN_CONSTANT_CONVERSION = YES;
				CLANG_WARN_DIRECT_OBJC_ISA_USAGE = YES_ERROR;
				CLANG_WARN_EMPTY_BODY = YES;
				CLANG_WARN_ENUM_CONVERSION = YES;
				CLANG_WARN_INT_CONVERSION = YES;
				CLANG_WARN_OBJC_ROOT_CLASS = YES_ERROR;
				CLANG_WARN_UNREACHABLE_CODE = YES;
				CLANG_WARN__DUPLICATE_METHOD_MATCH = YES;
				"CODE_SIGN_IDENTITY[sdk=iphoneos*]" = "iPhone Developer";
				COPY_PHASE_STRIP = NO;
				ENABLE_STRICT_OBJC_MSGSEND = YES;
				GCC_C_LANGUAGE_STANDARD = gnu99;
				GCC_DYNAMIC_NO_PIC = NO;
				GCC_OPTIMIZATION_LEVEL = 0;
				GCC_PREPROCESSOR_DEFINITIONS = (
					"DEBUG=1",
					"$(inherited)",
				);
				GCC_SYMBOLS_PRIVATE_EXTERN = NO;
				GCC_WARN_64_TO_32_BIT_CONVERSION = YES;
				GCC_WARN_ABOUT_RETURN_TYPE = YES_ERROR;
				GCC_WARN_UNDECLARED_SELECTOR = YES;
				GCC_WARN_UNINITIALIZED_AUTOS = YES_AGGRESSIVE;
				GCC_WARN_UNUSED_FUNCTION = YES;
				GCC_WARN_UNUSED_VARIABLE = YES;
				IPHONEOS_DEPLOYMENT_TARGET = 8.0;
				MTL_ENABLE_DEBUG_INFO = YES;
				ONLY_ACTIVE_ARCH = YES;
				SDKROOT = iphoneos;
				SWIFT_OPTIMIZATION_LEVEL = "-Onone";
			};
			name = Debug;
		};
		9BBFDEB31A32511E00AF510D /* Release */ = {
			isa = XCBuildConfiguration;
			buildSettings = {
				ALWAYS_SEARCH_USER_PATHS = NO;
				CLANG_CXX_LANGUAGE_STANDARD = "gnu++0x";
				CLANG_CXX_LIBRARY = "libc++";
				CLANG_ENABLE_MODULES = YES;
				CLANG_ENABLE_OBJC_ARC = YES;
				CLANG_WARN_BOOL_CONVERSION = YES;
				CLANG_WARN_CONSTANT_CONVERSION = YES;
				CLANG_WARN_DIRECT_OBJC_ISA_USAGE = YES_ERROR;
				CLANG_WARN_EMPTY_BODY = YES;
				CLANG_WARN_ENUM_CONVERSION = YES;
				CLANG_WARN_INT_CONVERSION = YES;
				CLANG_WARN_OBJC_ROOT_CLASS = YES_ERROR;
				CLANG_WARN_UNREACHABLE_CODE = YES;
				CLANG_WARN__DUPLICATE_METHOD_MATCH = YES;
				"CODE_SIGN_IDENTITY[sdk=iphoneos*]" = "iPhone Developer";
				COPY_PHASE_STRIP = YES;
				ENABLE_NS_ASSERTIONS = NO;
				ENABLE_STRICT_OBJC_MSGSEND = YES;
				GCC_C_LANGUAGE_STANDARD = gnu99;
				GCC_WARN_64_TO_32_BIT_CONVERSION = YES;
				GCC_WARN_ABOUT_RETURN_TYPE = YES_ERROR;
				GCC_WARN_UNDECLARED_SELECTOR = YES;
				GCC_WARN_UNINITIALIZED_AUTOS = YES_AGGRESSIVE;
				GCC_WARN_UNUSED_FUNCTION = YES;
				GCC_WARN_UNUSED_VARIABLE = YES;
				IPHONEOS_DEPLOYMENT_TARGET = 8.0;
				MTL_ENABLE_DEBUG_INFO = NO;
				SDKROOT = iphoneos;
				VALIDATE_PRODUCT = YES;
			};
			name = Release;
		};
		9BBFDEB51A32511E00AF510D /* Debug */ = {
			isa = XCBuildConfiguration;
			buildSettings = {
				ASSETCATALOG_COMPILER_APPICON_NAME = AppIcon;
				ASSETCATALOG_COMPILER_LAUNCHIMAGE_NAME = LaunchImage;
				CLANG_ENABLE_MODULES = YES;
				CODE_SIGN_IDENTITY = "iPhone Developer";
				"CODE_SIGN_IDENTITY[sdk=iphoneos*]" = "iPhone Developer";
				FRAMEWORK_SEARCH_PATHS = (
					"$(inherited)",
					"$(PROJECT_DIR)",
					"$(PROJECT_DIR)/MapTest",
				);
				INFOPLIST_FILE = MapTest/Info.plist;
				IPHONEOS_DEPLOYMENT_TARGET = 7.1;
				LD_RUNPATH_SEARCH_PATHS = "$(inherited) @executable_path/Frameworks";
				PRODUCT_NAME = tabsaver;
				PROVISIONING_PROFILE = "41285adf-8ce9-4293-ab1d-ffd8fbb2d5f6";
				SWIFT_OBJC_BRIDGING_HEADER = "$(SRCROOT)/$(PROJECT_NAME)/bridgingHeader.h";
				SWIFT_OPTIMIZATION_LEVEL = "-Onone";
				TARGETED_DEVICE_FAMILY = 1;
			};
			name = Debug;
		};
		9BBFDEB61A32511E00AF510D /* Release */ = {
			isa = XCBuildConfiguration;
			buildSettings = {
				ASSETCATALOG_COMPILER_APPICON_NAME = AppIcon;
				ASSETCATALOG_COMPILER_LAUNCHIMAGE_NAME = LaunchImage;
				CLANG_ENABLE_MODULES = YES;
				CODE_SIGN_IDENTITY = "iPhone Developer";
				"CODE_SIGN_IDENTITY[sdk=iphoneos*]" = "iPhone Developer";
				FRAMEWORK_SEARCH_PATHS = (
					"$(inherited)",
					"$(PROJECT_DIR)",
					"$(PROJECT_DIR)/MapTest",
				);
				INFOPLIST_FILE = MapTest/Info.plist;
				IPHONEOS_DEPLOYMENT_TARGET = 7.1;
				LD_RUNPATH_SEARCH_PATHS = "$(inherited) @executable_path/Frameworks";
				PRODUCT_NAME = tabsaver;
				PROVISIONING_PROFILE = "41285adf-8ce9-4293-ab1d-ffd8fbb2d5f6";
				SWIFT_OBJC_BRIDGING_HEADER = "$(SRCROOT)/$(PROJECT_NAME)/bridgingHeader.h";
				TARGETED_DEVICE_FAMILY = 1;
			};
			name = Release;
		};
/* End XCBuildConfiguration section */

/* Begin XCConfigurationList section */
		9BBFDE901A32511D00AF510D /* Build configuration list for PBXProject "MapTest" */ = {
			isa = XCConfigurationList;
			buildConfigurations = (
				9BBFDEB21A32511E00AF510D /* Debug */,
				9BBFDEB31A32511E00AF510D /* Release */,
			);
			defaultConfigurationIsVisible = 0;
			defaultConfigurationName = Release;
		};
		9BBFDEB41A32511E00AF510D /* Build configuration list for PBXNativeTarget "MapTest" */ = {
			isa = XCConfigurationList;
			buildConfigurations = (
				9BBFDEB51A32511E00AF510D /* Debug */,
				9BBFDEB61A32511E00AF510D /* Release */,
			);
			defaultConfigurationIsVisible = 0;
			defaultConfigurationName = Release;
		};
/* End XCConfigurationList section */

/* Begin XCVersionGroup section */
		9BABC27B1ADCD68200A2239B /* dataModel.xcdatamodeld */ = {
			isa = XCVersionGroup;
			children = (
				9BABC27C1ADCD68200A2239B /* dataModel.xcdatamodel */,
			);
			currentVersion = 9BABC27C1ADCD68200A2239B /* dataModel.xcdatamodel */;
			path = dataModel.xcdatamodeld;
			sourceTree = "<group>";
			versionGroupType = wrapper.xcdatamodel;
		};
/* End XCVersionGroup section */
	};
	rootObject = 9BBFDE8D1A32511D00AF510D /* Project object */;
}
